
Microsoft Visual Studio Solution File, Format Version 12.00
# Visual Studio Version 17
VisualStudioVersion = 17.6.33712.159
MinimumVisualStudioVersion = 10.0.40219.1
Project("{FAE04EC0-301F-11D3-BF4B-00C04F79EFBC}") = "SignaIRWebClient", "SignaIRWebClient\SignaIRWebClient.csproj", "{52EA37B2-2D45-41C4-8B20-52F6526A1263}"
EndProject
Global
	GlobalSection(SolutionConfigurationPlatforms) = preSolution
		Debug|Any CPU = Debug|Any CPU
		Release|Any CPU = Release|Any CPU
	EndGlobalSection
	GlobalSection(ProjectConfigurationPlatforms) = postSolution
		{52EA37B2-2D45-41C4-8B20-52F6526A1263}.Debug|Any CPU.ActiveCfg = Debug|Any CPU
		{52EA37B2-2D45-41C4-8B20-52F6526A1263}.Debug|Any CPU.Build.0 = Debug|Any CPU
		{52EA37B2-2D45-41C4-8B20-52F6526A1263}.Release|Any CPU.ActiveCfg = Release|Any CPU
		{52EA37B2-2D45-41C4-8B20-52F6526A1263}.Release|Any CPU.Build.0 = Release|Any CPU
	EndGlobalSection
	GlobalSection(SolutionProperties) = preSolution
		HideSolutionNode = FALSE
	EndGlobalSection
	GlobalSection(ExtensibilityGlobals) = postSolution
		SolutionGuid = {AFCCF0AF-4FA9-4D23-BB2A-734024C1A20E}
	EndGlobalSection
EndGlobal
